{
    "hash": "0586610f6443abd57f2d93eb5e536a58",
    "packages": [
        {
            "package": "doctrine/common",
            "version": "2.3.x-dev",
            "source-reference": "2ec4bc6db13db6a0976a16b71058083c55cbcdbd",
            "commit-date": "1343847076"
        },
        {
            "package": "doctrine/data-fixtures",
            "version": "v1.0.0-ALPHA2"
        },
        {
            "package": "doctrine/dbal",
            "version": "2.3.x-dev",
            "source-reference": "6470e2089e9ab4a2d24e6927ebe073b7935d7ed5",
            "commit-date": "1344980709"
        },
        {
            "package": "doctrine/doctrine-bundle",
            "version": "dev-master",
            "alias-pretty-version": "1.0.x-dev",
            "alias-version": "1.0.9999999.9999999-dev"
        },
        {
            "package": "doctrine/doctrine-bundle",
            "version": "dev-master",
            "source-reference": "4d9bb0f3af470556983eb41a7d19ede23401ef0b",
            "commit-date": "1344549563"
        },
        {
            "package": "doctrine/doctrine-fixtures-bundle",
            "version": "dev-master",
            "source-reference": "186d605aa6b592bd577e07e0e9a2c420b02b2492",
            "commit-date": "1345465418"
        },
        {
            "package": "doctrine/mongodb",
            "version": "dev-master",
            "alias-pretty-version": "1.0.x-dev",
            "alias-version": "1.0.9999999.9999999-dev"
        },
        {
            "package": "doctrine/mongodb",
            "version": "dev-master",
            "source-reference": "fdf44d850d7482b2cea7a0793d46999641c68e4f",
            "commit-date": "1344539108"
        },
        {
            "package": "doctrine/mongodb-odm",
            "version": "dev-master",
            "alias-pretty-version": "1.0.x-dev",
            "alias-version": "1.0.9999999.9999999-dev"
        },
        {
            "package": "doctrine/mongodb-odm",
            "version": "dev-master",
            "source-reference": "70521c1c654ef6a42a7e88ed9bb98f9d3fe9fc0c",
            "commit-date": "1344881897"
        },
        {
            "package": "doctrine/mongodb-odm-bundle",
            "version": "dev-master",
            "alias-pretty-version": "3.0.x-dev",
            "alias-version": "3.0.9999999.9999999-dev"
        },
        {
            "package": "doctrine/mongodb-odm-bundle",
            "version": "dev-master",
            "source-reference": "715dd65ca7b4c0d9ba709bddb0fa6fd188d38342",
            "commit-date": "1345646918"
        },
        {
            "package": "doctrine/orm",
            "version": "2.3.x-dev",
            "source-reference": "971865f271771a3b06c474dfea9e91f023837cce",
            "commit-date": "1344977483"
        },
        {
            "package": "friendsofsymfony/user-bundle",
            "version": "dev-master",
            "source-reference": "5aa50962a4b67e380fe7912cb06defdf448c3f26",
            "commit-date": "1345421669"
        },
        {
            "package": "gedmo/doctrine-extensions",
            "version": "dev-master",
            "alias-pretty-version": "2.3.x-dev",
            "alias-version": "2.3.9999999.9999999-dev"
        },
        {
            "package": "gedmo/doctrine-extensions",
            "version": "dev-master",
            "source-reference": "fa057868e3490c64afb7144348c7cf1da10229de",
            "commit-date": "1345650337"
        },
        {
            "package": "ismaambrosi/generator-bundle",
            "version": "dev-master",
            "alias-pretty-version": "2.1.x-dev",
            "alias-version": "2.1.9999999.9999999-dev"
        },
        {
            "package": "ismaambrosi/generator-bundle",
            "version": "dev-master",
            "source-reference": "7aea18bfe9fc470ab98c31166500f945efe95988",
            "commit-date": "1344474810"
        },
        {
            "package": "jms/aop-bundle",
            "version": "1.0.0"
        },
        {
            "package": "jms/cg",
            "version": "1.0.0"
        },
        {
            "package": "jms/di-extra-bundle",
            "version": "1.0.1"
        },
        {
            "package": "jms/i18n-routing-bundle",
            "version": "dev-master",
            "source-reference": "ff29b3dddeb802790ffce506a35e7423bd45a1b2",
            "commit-date": "1342777687"
        },
        {
            "package": "jms/metadata",
            "version": "1.1.1"
        },
        {
            "package": "jms/security-extra-bundle",
            "version": "1.1.0"
        },
        {
            "package": "jms/translation-bundle",
            "version": "dev-master",
            "source-reference": "1f9ae6d3a6a4785e3b4e8f0de19e4f69a71667da",
            "commit-date": "1343809385"
        },
        {
            "package": "knplabs/knp-components",
            "version": "dev-master",
            "source-reference": "99ea408dc2a7c3616e688ffe67e3248ece69ff0e",
            "commit-date": "1339767068"
        },
        {
            "package": "knplabs/knp-menu",
            "version": "dev-master",
            "alias-pretty-version": "2.0.x-dev",
            "alias-version": "2.0.9999999.9999999-dev"
        },
        {
            "package": "knplabs/knp-menu",
            "version": "dev-master",
            "source-reference": "5b7d34e58c2d51b30005b69eeded9fb658fe8abf",
            "commit-date": "1343985848"
        },
        {
            "package": "knplabs/knp-menu-bundle",
            "version": "dev-master",
            "source-reference": "4389efdd5c30d974544afbfe5ada3a4ce30d7aa1",
            "commit-date": "1344013797"
        },
        {
            "package": "knplabs/knp-paginator-bundle",
            "version": "dev-master",
            "source-reference": "de439d2816fe984dbe0c438fd4d0d7c67748c5ff",
            "commit-date": "1343676956"
        },
        {
            "package": "kriswallsmith/assetic",
            "version": "dev-master",
            "alias-pretty-version": "1.1.x-dev",
            "alias-version": "1.1.9999999.9999999-dev"
        },
        {
            "package": "kriswallsmith/assetic",
            "version": "dev-master",
            "source-reference": "d1d5066d9071a76d771993081ee23137e96216b7",
            "commit-date": "1344507381"
        },
        {
            "package": "monolog/monolog",
            "version": "1.2.0"
        },
        {
            "package": "nikic/php-parser",
            "version": "v0.9.1"
        },
        {
            "package": "sensio/distribution-bundle",
            "version": "dev-master",
            "alias-pretty-version": "2.1.x-dev",
            "alias-version": "2.1.9999999.9999999-dev"
        },
        {
            "package": "sensio/distribution-bundle",
            "version": "dev-master",
            "source-reference": "bd98b5fb0e4a5dddb4f7acd2e11f28c4cd7eacee",
            "commit-date": "1345139690"
        },
        {
            "package": "sensio/framework-extra-bundle",
            "version": "dev-master",
            "source-reference": "ade2d53b20a9fc3428f04c863b3fd4fca0b62181",
            "commit-date": "1344072374"
        },
        {
            "package": "sensio/generator-bundle",
            "version": "dev-master",
            "alias-pretty-version": "2.1.x-dev",
            "alias-version": "2.1.9999999.9999999-dev"
        },
        {
            "package": "sensio/generator-bundle",
            "version": "dev-master",
            "source-reference": "d8fc1666f3cdb403f1b2d4320c45ddd6adbdf6a5",
            "commit-date": "1343980150"
        },
        {
            "package": "stof/doctrine-extensions-bundle",
            "version": "dev-master",
            "source-reference": "63c2aa344bd45ca8cf16d778bb8d382bf18b09e3",
            "commit-date": "1345420848"
        },
        {
            "package": "swiftmailer/swiftmailer",
            "version": "dev-master",
            "alias-pretty-version": "4.2.x-dev",
            "alias-version": "4.2.9999999.9999999-dev"
        },
        {
            "package": "swiftmailer/swiftmailer",
            "version": "dev-master",
            "source-reference": "e12e4ef3a9d6dd60fb734a01984a6e6627aea764",
            "commit-date": "1345630910"
        },
        {
            "package": "symfony/assetic-bundle",
            "version": "dev-master",
            "alias-pretty-version": "2.1.x-dev",
            "alias-version": "2.1.9999999.9999999-dev"
        },
        {
            "package": "symfony/assetic-bundle",
            "version": "dev-master",
            "source-reference": "ec3a65d3eab342af9e93a3c21af0ac7b78e01c17",
            "commit-date": "1344507386"
        },
        {
            "package": "symfony/monolog-bundle",
            "version": "dev-master",
            "alias-pretty-version": "2.1.x-dev",
            "alias-version": "2.1.9999999.9999999-dev"
        },
        {
            "package": "symfony/monolog-bundle",
            "version": "dev-master",
            "source-reference": "10c3d6fcda8d73eb1a35860eeea2933d1ab2c1f6",
            "commit-date": "1345557954"
        },
        {
            "package": "symfony/swiftmailer-bundle",
            "version": "dev-master",
            "source-reference": "v2.1.0-RC1",
            "commit-date": "1342684512"
        },
        {
            "package": "symfony/symfony",
            "version": "dev-master",
            "alias-pretty-version": "2.1.x-dev",
            "alias-version": "2.1.9999999.9999999-dev"
        },
        {
            "package": "symfony/symfony",
            "version": "dev-master",
            "source-reference": "2cf3cb5b7a56446c76f90689e4df047031d73205",
            "commit-date": "1345655061"
        },
        {
            "package": "twig/extensions",
            "version": "dev-master",
            "source-reference": "feb6d3f10c411e2631997c0a905aa581c80305c1",
            "commit-date": "1337599699"
        },
        {
            "package": "twig/twig",
            "version": "dev-master",
            "alias-pretty-version": "1.9.x-dev",
            "alias-version": "1.9.9999999.9999999-dev"
        },
        {
            "package": "twig/twig",
            "version": "dev-master",
            "source-reference": "11e91f63e94a4fce9e65ddbda44ed00ba22a2171",
            "commit-date": "1345724338"
        }
    ],
    "packages-dev": null,
    "aliases": [

    ],
    "minimum-stability": "dev",
    "stability-flags": {
        "doctrine/doctrine-bundle": 20,
        "doctrine/doctrine-fixtures-bundle": 20,
        "twig/extensions": 20,
        "symfony/assetic-bundle": 20,
        "symfony/swiftmailer-bundle": 20,
        "symfony/monolog-bundle": 20,
        "sensio/distribution-bundle": 20,
        "sensio/framework-extra-bundle": 20,
        "sensio/generator-bundle": 20,
        "doctrine/mongodb-odm-bundle": 20,
        "ismaambrosi/generator-bundle": 20,
        "knplabs/knp-paginator-bundle": 20,
        "stof/doctrine-extensions-bundle": 20,
        "jms/i18n-routing-bundle": 20,
        "knplabs/knp-menu-bundle": 20
    }
}
