{
    "hash": "8ff6e64c500f2a26e45cd8a0714c69a0",
    "packages": [
        {
            "package": "doctrine/common",
            "version": "2.2.2"
        },
        {
            "package": "doctrine/data-fixtures",
            "version": "v1.0.0-ALPHA2"
        },
        {
            "package": "doctrine/dbal",
            "version": "2.2.x-dev",
            "source-reference": "b961a3fce6bf220f1dca47d7d747b9074bea4730",
            "commit-date": "1341779435"
        },
        {
            "package": "doctrine/doctrine-bundle",
            "version": "dev-master",
            "alias-pretty-version": "1.0.x-dev",
            "alias-version": "1.0.9999999.9999999-dev"
        },
        {
            "package": "doctrine/doctrine-bundle",
            "version": "dev-master",
            "source-reference": "62134e6a8dd3f330131ee6a970f0cee1d7760c1d",
            "commit-date": "1343203511"
        },
        {
            "package": "doctrine/doctrine-fixtures-bundle",
            "version": "dev-master",
            "source-reference": "a5103a71bcd9b2f851ca6c16519a077784a3184a",
            "commit-date": "1341472847"
        },
        {
            "package": "doctrine/mongodb",
            "version": "dev-master",
            "source-reference": "59b9ec3ed4cada86f4d4c979707de94a1347dda6",
            "commit-date": "1343139123"
        },
        {
            "package": "doctrine/mongodb-odm",
            "version": "dev-master",
            "source-reference": "242a3f5288950378b7652f17480e592485bcec39",
            "commit-date": "1343162403"
        },
        {
            "package": "doctrine/mongodb-odm-bundle",
            "version": "dev-master",
            "source-reference": "97923c04752802a929d863d98978b74e76dd3454",
            "commit-date": "1343139535"
        },
        {
            "package": "doctrine/orm",
            "version": "2.2.x-dev",
            "source-reference": "5d2a3bcb3b467f41ee58575764f3ba84937f76e4",
            "commit-date": "1341676080"
        },
        {
            "package": "friendsofsymfony/user-bundle",
            "version": "dev-master",
            "source-reference": "93b174df2ca884a70ecd99cd12adc29c378ca053",
            "commit-date": "1342876759"
        },
        {
            "package": "gedmo/doctrine-extensions",
            "version": "dev-master",
            "source-reference": "9898253452a37733d278af6fc595b059327c4218",
            "commit-date": "1342872222"
        },
        {
            "package": "ismaambrosi/generator-bundle",
            "version": "dev-master",
            "source-reference": "d37157803aa5f4ce7df53559ac50b74823286e48",
            "commit-date": "1342417597"
        },
        {
            "package": "jms/aop-bundle",
            "version": "1.0.0"
        },
        {
            "package": "jms/cg",
            "version": "1.0.0"
        },
        {
            "package": "jms/di-extra-bundle",
            "version": "1.0.1"
        },
        {
            "package": "jms/i18n-routing-bundle",
            "version": "dev-master",
            "source-reference": "ff29b3dddeb802790ffce506a35e7423bd45a1b2",
            "commit-date": "1342777687"
        },
        {
            "package": "jms/metadata",
            "version": "1.1.1"
        },
        {
            "package": "jms/security-extra-bundle",
            "version": "1.1.0"
        },
        {
            "package": "jms/translation-bundle",
            "version": "dev-master",
            "source-reference": "cbe95c467ed5e5c26944a4eb23d7fcc90e799b35",
            "commit-date": "1340675531"
        },
        {
            "package": "knplabs/knp-components",
            "version": "dev-master",
            "source-reference": "99ea408dc2a7c3616e688ffe67e3248ece69ff0e",
            "commit-date": "1339767068"
        },
        {
            "package": "knplabs/knp-paginator-bundle",
            "version": "dev-master",
            "source-reference": "427db8350ae57659645ba35480bbe1194c1c695f",
            "commit-date": "1339165136"
        },
        {
            "package": "kriswallsmith/assetic",
            "version": "dev-master",
            "alias-pretty-version": "1.1.x-dev",
            "alias-version": "1.1.9999999.9999999-dev"
        },
        {
            "package": "kriswallsmith/assetic",
            "version": "dev-master",
            "source-reference": "c518a48ddc26af898191410cc35f7f30aaed448e",
            "commit-date": "1343084248"
        },
        {
            "package": "monolog/monolog",
            "version": "1.1.0"
        },
        {
            "package": "nikic/php-parser",
            "version": "v0.9.1"
        },
        {
            "package": "sensio/distribution-bundle",
            "version": "dev-master",
            "source-reference": "5886adae1613c0a72fbb95259a83ae798e86c0d3",
            "commit-date": "1342347850"
        },
        {
            "package": "sensio/framework-extra-bundle",
            "version": "dev-master",
            "source-reference": "b2cdb24737aa0c7381faf53d2e2f31a667113adc",
            "commit-date": "1343195639"
        },
        {
            "package": "sensio/generator-bundle",
            "version": "dev-master",
            "alias-pretty-version": "2.1.x-dev",
            "alias-version": "2.1.9999999.9999999-dev"
        },
        {
            "package": "sensio/generator-bundle",
            "version": "dev-master",
            "source-reference": "c17dbddefe517e3adfcbeaa1ab7cef3e572d29c6",
            "commit-date": "1342195488"
        },
        {
            "package": "stof/doctrine-extensions-bundle",
            "version": "dev-master",
            "source-reference": "f31a0861de08b6594f09430a4cbaf0618e5e11ad",
            "commit-date": "1343029923"
        },
        {
            "package": "swiftmailer/swiftmailer",
            "version": "dev-master",
            "alias-pretty-version": "4.2.x-dev",
            "alias-version": "4.2.9999999.9999999-dev"
        },
        {
            "package": "swiftmailer/swiftmailer",
            "version": "dev-master",
            "source-reference": "8b2aa953f87da228ba413e8fb1372e49c1374050",
            "commit-date": "1342198037"
        },
        {
            "package": "symfony/assetic-bundle",
            "version": "dev-master",
            "source-reference": "a5daf7ca4588f88105c808de9a28ba1e66bfa082",
            "commit-date": "1343161458"
        },
        {
            "package": "symfony/monolog-bundle",
            "version": "dev-master",
            "source-reference": "v2.1.0-BETA4",
            "commit-date": "1341078487"
        },
        {
            "package": "symfony/swiftmailer-bundle",
            "version": "dev-master",
            "source-reference": "v2.1.0-BETA4",
            "commit-date": "1342684512"
        },
        {
            "package": "symfony/symfony",
            "version": "dev-master",
            "alias-pretty-version": "2.1.x-dev",
            "alias-version": "2.1.9999999.9999999-dev"
        },
        {
            "package": "symfony/symfony",
            "version": "dev-master",
            "source-reference": "c6f0987771b45743cfc2e294b260e55b89cc1f11",
            "commit-date": "1343230912"
        },
        {
            "package": "twig/extensions",
            "version": "dev-master",
            "source-reference": "feb6d3f10c411e2631997c0a905aa581c80305c1",
            "commit-date": "1337599699"
        },
        {
            "package": "twig/twig",
            "version": "dev-master",
            "alias-pretty-version": "1.9.x-dev",
            "alias-version": "1.9.9999999.9999999-dev"
        },
        {
            "package": "twig/twig",
            "version": "dev-master",
            "source-reference": "657de7bdeb680815e0df95f63da9f81e1533d2ea",
            "commit-date": "1342953178"
        }
    ],
    "packages-dev": null,
    "aliases": [

    ],
    "minimum-stability": "dev",
    "stability-flags": {
        "doctrine/doctrine-bundle": 20,
        "doctrine/doctrine-fixtures-bundle": 20,
        "twig/extensions": 20,
        "symfony/assetic-bundle": 20,
        "symfony/swiftmailer-bundle": 20,
        "symfony/monolog-bundle": 20,
        "sensio/distribution-bundle": 20,
        "sensio/framework-extra-bundle": 20,
        "sensio/generator-bundle": 20,
        "doctrine/mongodb-odm-bundle": 20,
        "ismaambrosi/generator-bundle": 20,
        "knplabs/knp-paginator-bundle": 20,
        "stof/doctrine-extensions-bundle": 20,
        "jms/i18n-routing-bundle": 20
    }
}
