symfony v2.0.15
twig v1.8.2
monolog 59fb9f41be22b246f5e5d3bd8a012ed77f44a7d0
doctrine-common 2.2.1
doctrine-dbal 2.2.1
doctrine 2.2.1
swiftmailer v4.1.7
assetic v1.0.3
twig-extensions feb6d3f10c411e2631997c0a905aa581c80305c1
metadata 1.0.0
SensioFrameworkExtraBundle 3dcf2d31ad898db2a5ab418cb03b9f701ba2350f
JMSSecurityExtraBundle e752f888c51425f71382c056961f10f2be642102
SensioDistributionBundle 41a6c5caed65f02bb09c95a90579f047616471fd
SensioGeneratorBundle c0118ce370f8da20e43051f2dd1ae331a202ab9c
AsseticBundle v1.0.1
doctrine-mongodb bf542f0ef6df724a390d888494b864f772454474
doctrine-mongodb-odm de27e68d7ba05530c3f6ef9dcdd9562c0b717284
DoctrineMongoDBBundle d6327d645a38940fb45ee47253c88cf24d3065dd
IsmaAmbrosiGeneratorBundle 76d3a796ed5c9ba239995033a733c301896e5b11
knp-components 99ea408dc2a7c3616e688ffe67e3248ece69ff0e
KnpPaginatorBundle 427db8350ae57659645ba35480bbe1194c1c695f
FOSUserBundle 1.2.0
gedmo-doctrine-extensions d294fe4340cf72926e0649378aba5dbf1641a5a1
DoctrineExtensionsBundle 36356b158b74cb68f96dc0b657e8732422b9d5dd
JMSAopBundle 431569cae2005e42fe502a55165a7b1fb9593bf3
cg-library 3aaa205ed3ae000950d3f641b00a19ad137a89f3
