{
    "friendsofsymfony/http-cache": {
        "version": "2.1.2"
    },
    "friendsofsymfony/http-cache-bundle": {
        "version": "2.1.2"
    },
    "guzzle/common": {
        "version": "v3.9.2"
    },
    "guzzle/http": {
        "version": "v3.9.2"
    },
    "guzzle/parser": {
        "version": "v3.9.2"
    },
    "guzzle/stream": {
        "version": "v3.9.2"
    },
    "symfony/flex": {
        "version": "1.0",
        "recipe": {
            "repo": "github.com/symfony/recipes",
            "branch": "master",
            "version": "1.0",
            "ref": "cc1afd81841db36fbef982fe56b48ade6716fac4"
        }
    },
    "symfony/swiftmailer-bridge": {
        "version": "v2.8.34"
    },
    "symfony/webpack-encore-pack": {
        "version": "1.0",
        "recipe": {
            "repo": "github.com/symfony/recipes",
            "branch": "master",
            "version": "1.0",
            "ref": "a2f276eff6e95ca94be135d2d3e5c1247c6f8807"
        }
    }
}
