{
    "doctrine/deprecations": {
        "version": "v0.5.3"
    },
    "doctrine/sql-formatter": {
        "version": "1.1.1"
    },
    "friendsofphp/proxy-manager-lts": {
        "version": "v1.0.5"
    },
    "laminas/laminas-code": {
        "version": "4.3.0"
    },
    "laminas/laminas-eventmanager": {
        "version": "3.3.1"
    },
    "laminas/laminas-zendframework-bridge": {
        "version": "1.2.0"
    },
    "myclabs/deep-copy": {
        "version": "1.10.2"
    },
    "phar-io/manifest": {
        "version": "2.0.1"
    },
    "phar-io/version": {
        "version": "3.1.0"
    },
    "php": {
        "version": "7.4"
    },
    "phpstan/phpdoc-parser": {
        "version": "0.5.4"
    },
    "phpunit/php-invoker": {
        "version": "3.1.1"
    },
    "psr/link": {
        "version": "1.0.0"
    },
    "sebastian/cli-parser": {
        "version": "1.0.1"
    },
    "sebastian/code-unit": {
        "version": "1.0.8"
    },
    "sebastian/code-unit-reverse-lookup": {
        "version": "2.0.3"
    },
    "sebastian/complexity": {
        "version": "2.0.2"
    },
    "sebastian/lines-of-code": {
        "version": "1.0.3"
    },
    "sebastian/object-enumerator": {
        "version": "4.0.4"
    },
    "sebastian/object-reflector": {
        "version": "2.0.4"
    },
    "sebastian/resource-operations": {
        "version": "3.0.3"
    },
    "sebastian/type": {
        "version": "2.3.1"
    },
    "symfony/cache-contracts": {
        "version": "v2.4.0"
    },
    "symfony/deprecation-contracts": {
        "version": "v2.4.0"
    },
    "symfony/error-handler": {
        "version": "v4.4.25"
    },
    "symfony/event-dispatcher-contracts": {
        "version": "v1.1.9"
    },
    "symfony/expression-language": {
        "version": "v4.4.25"
    },
    "symfony/http-client": {
        "version": "v4.4.25"
    },
    "symfony/http-client-contracts": {
        "version": "v2.4.0"
    },
    "symfony/mailer": {
        "version": "4.3",
        "recipe": {
            "repo": "github.com/symfony/recipes",
            "branch": "master",
            "version": "4.3",
            "ref": "15658c2a0176cda2e7dba66276a2030b52bd81b2"
        },
        "files": [
            "config/packages/mailer.yaml"
        ]
    },
    "symfony/mime": {
        "version": "v4.4.25"
    },
    "symfony/polyfill-php80": {
        "version": "v1.23.0"
    },
    "symfony/polyfill-php81": {
        "version": "v1.23.0"
    },
    "symfony/property-info": {
        "version": "v4.4.25"
    },
    "symfony/proxy-manager-bridge": {
        "version": "v4.4.25"
    },
    "symfony/translation-contracts": {
        "version": "v2.4.0"
    },
    "symfony/var-exporter": {
        "version": "v4.4.25"
    },
    "symfony/web-link": {
        "version": "v4.4.25"
    },
    "theseer/tokenizer": {
        "version": "1.2.0"
    },
    "twig/extra-bundle": {
        "version": "v3.3.1"
    }
}
